
Microsoft Visual Studio Solution File, Format Version 12.00
# Visual Studio Version 17
VisualStudioVersion = 17.3.32811.315
MinimumVisualStudioVersion = 10.0.40219.1
Project("{FAE04EC0-301F-11D3-BF4B-00C04F79EFBC}") = "POng2.0", "POng2.0\POng2.0.csproj", "{F28D6AC0-8F0F-4EFC-9D29-C20AB415BFA4}"
EndProject
Global
	GlobalSection(SolutionConfigurationPlatforms) = preSolution
		Debug|Any CPU = Debug|Any CPU
		Release|Any CPU = Release|Any CPU
	EndGlobalSection
	GlobalSection(ProjectConfigurationPlatforms) = postSolution
		{F28D6AC0-8F0F-4EFC-9D29-C20AB415BFA4}.Debug|Any CPU.ActiveCfg = Debug|Any CPU
		{F28D6AC0-8F0F-4EFC-9D29-C20AB415BFA4}.Debug|Any CPU.Build.0 = Debug|Any CPU
		{F28D6AC0-8F0F-4EFC-9D29-C20AB415BFA4}.Release|Any CPU.ActiveCfg = Release|Any CPU
		{F28D6AC0-8F0F-4EFC-9D29-C20AB415BFA4}.Release|Any CPU.Build.0 = Release|Any CPU
	EndGlobalSection
	GlobalSection(SolutionProperties) = preSolution
		HideSolutionNode = FALSE
	EndGlobalSection
	GlobalSection(ExtensibilityGlobals) = postSolution
		SolutionGuid = {4231D936-44CC-48AD-B1D2-B9D82A73F8DA}
	EndGlobalSection
EndGlobal
